
Microsoft Visual Studio Solution File, Format Version 12.00
# Visual Studio Version 16
VisualStudioVersion = 16.0.31515.178
MinimumVisualStudioVersion = 10.0.40219.1
Project("{2150E333-8FDC-42A3-9474-1A3956D46DE8}") = "Easy", "Easy", "{1101E6C5-3AEB-4465-8485-F670CE020BE0}"
EndProject
Project("{2150E333-8FDC-42A3-9474-1A3956D46DE8}") = "1_TwoSum", "1_TwoSum", "{809E9AC5-ED46-4466-A43A-22C338732A48}"
EndProject
Project("{9A19103F-16F7-4668-BE54-9A1E7A4F7556}") = "TwoSum", "src\Easy\1_TwoSum\TwoSum\TwoSum.csproj", "{285B491C-1F7B-4935-8D03-9C395158A6EA}"
EndProject
Project("{9A19103F-16F7-4668-BE54-9A1E7A4F7556}") = "TwoSumTests", "src\Easy\1_TwoSum\TwoSumTests\TwoSumTests.csproj", "{606D9234-BB50-4225-926C-5A53C5542EA7}"
EndProject
Project("{2150E333-8FDC-42A3-9474-1A3956D46DE8}") = "9_PalindromeNumber", "9_PalindromeNumber", "{2BAA57DE-BC45-4E46-B2FD-D203827C49D5}"
EndProject
Project("{9A19103F-16F7-4668-BE54-9A1E7A4F7556}") = "PalindromeNumber", "src\Easy\9_PalindromeNumber\PalindromeNumber\PalindromeNumber.csproj", "{4F00C57D-0BAE-4965-B119-EA57906BF6AE}"
EndProject
Project("{9A19103F-16F7-4668-BE54-9A1E7A4F7556}") = "PalindromeNumberTests", "src\Easy\9_PalindromeNumber\PalindromeNumberTests\PalindromeNumberTests.csproj", "{A2DD834B-AC79-43C1-A320-2678CDE65EC0}"
EndProject
Project("{2150E333-8FDC-42A3-9474-1A3956D46DE8}") = "13_RomanToInteger", "13_RomanToInteger", "{9C7A38E9-15B5-4E3D-AADC-73A2AC93C3AF}"
EndProject
Project("{9A19103F-16F7-4668-BE54-9A1E7A4F7556}") = "RomanToInteger", "src\Easy\13_RomanToInteger\RomanToInteger\RomanToInteger.csproj", "{1F81D874-C5D3-4436-B4E5-52642CB1C868}"
EndProject
Project("{9A19103F-16F7-4668-BE54-9A1E7A4F7556}") = "RomanToIntegerTests", "src\Easy\13_RomanToInteger\RomanToIntegerTests\RomanToIntegerTests.csproj", "{9DD329EC-06CB-4876-9CAB-B452843CE9CA}"
EndProject
Project("{2150E333-8FDC-42A3-9474-1A3956D46DE8}") = "14_LongestCommonPrefix", "14_LongestCommonPrefix", "{A6E96FE1-4A4F-420F-A5E9-06496991B88C}"
EndProject
Project("{9A19103F-16F7-4668-BE54-9A1E7A4F7556}") = "LongestCommonPrefix", "src\Easy\14_LongestCommonPrefix\LongestCommonPrefix\LongestCommonPrefix.csproj", "{93F6544F-CDF1-4020-912A-6A7DB41D2E2D}"
EndProject
Project("{9A19103F-16F7-4668-BE54-9A1E7A4F7556}") = "LongestCommonPrefixTests", "src\Easy\14_LongestCommonPrefix\LongestCommonPrefixTests\LongestCommonPrefixTests.csproj", "{9B254ED4-C35C-47BD-BF78-DE360A7E40A9}"
EndProject
Project("{2150E333-8FDC-42A3-9474-1A3956D46DE8}") = "Ozon", "Ozon", "{01A8E500-0A83-48C8-9055-138925EC2EDE}"
EndProject
Project("{2150E333-8FDC-42A3-9474-1A3956D46DE8}") = "1_AmountToBePaid", "1_AmountToBePaid", "{EF8C62C6-DA0C-4919-95CF-DC19C1753204}"
EndProject
Project("{9A19103F-16F7-4668-BE54-9A1E7A4F7556}") = "AmountToBePaid", "src\Ozon\1_AmountToBePaid\AmountToBePaid\AmountToBePaid.csproj", "{E6EDBD70-7683-4C66-A173-8782AE36BA75}"
EndProject
Project("{9A19103F-16F7-4668-BE54-9A1E7A4F7556}") = "AmountToBePaidTests", "src\Ozon\1_AmountToBePaid\AmountToBePaidTests\AmountToBePaidTests.csproj", "{F8F7360E-B0F5-4944-8006-A54D8BA87AC6}"
EndProject
Project("{2150E333-8FDC-42A3-9474-1A3956D46DE8}") = "2_Spreadsheet", "2_Spreadsheet", "{B42E5D75-3431-4D3F-A5B4-D1F9C136C9C7}"
EndProject
Project("{9A19103F-16F7-4668-BE54-9A1E7A4F7556}") = "SpreadSheet", "src\Ozon\2_Spreadsheet\SpraidSheet\SpreadSheet.csproj", "{F7A45977-ABB3-4A01-943C-974558702083}"
EndProject
Project("{9A19103F-16F7-4668-BE54-9A1E7A4F7556}") = "SpreadSheetTests", "src\Ozon\2_Spreadsheet\SpreadSheetTests\SpreadSheetTests.csproj", "{EC5E475B-D7D6-4B41-9CCD-C1F44C47233A}"
EndProject
Project("{2150E333-8FDC-42A3-9474-1A3956D46DE8}") = "3_RegistrationSubsystem", "3_RegistrationSubsystem", "{0B55340B-50D7-48A4-A827-DD235054B914}"
EndProject
Project("{FAE04EC0-301F-11D3-BF4B-00C04F79EFBC}") = "RegistrationSubsystem", "src\Ozon\3_RegistrationSubsystem\RegistrationSubsystem\RegistrationSubsystem.csproj", "{A9A18400-F1E4-4918-98A7-CC26405F18C5}"
EndProject
Project("{FAE04EC0-301F-11D3-BF4B-00C04F79EFBC}") = "RegistrationSubsystemTests", "src\Ozon\3_RegistrationSubsystem\RegistrationSubsystemTests\RegistrationSubsystemTests.csproj", "{A6C33997-459D-499A-9021-DFEAAE8703DB}"
EndProject
Project("{2150E333-8FDC-42A3-9474-1A3956D46DE8}") = "4_AddressBook", "4_AddressBook", "{219C0D5D-B84D-4EF0-AD9A-CC2B26106505}"
EndProject
Project("{FAE04EC0-301F-11D3-BF4B-00C04F79EFBC}") = "AddressBook", "src\Ozon\4_AddressBook\AddressBook\AddressBook.csproj", "{166A3D76-7C11-4BF0-A9C1-6DD12A55BE3A}"
EndProject
Project("{FAE04EC0-301F-11D3-BF4B-00C04F79EFBC}") = "AddressBookTests", "src\Ozon\4_AddressBook\AddressBookTests\AddressBookTests.csproj", "{22E15C42-3779-45E1-AECE-407B5587F8F2}"
EndProject
Global
	GlobalSection(SolutionConfigurationPlatforms) = preSolution
		Debug|Any CPU = Debug|Any CPU
		Release|Any CPU = Release|Any CPU
	EndGlobalSection
	GlobalSection(ProjectConfigurationPlatforms) = postSolution
		{285B491C-1F7B-4935-8D03-9C395158A6EA}.Debug|Any CPU.ActiveCfg = Debug|Any CPU
		{285B491C-1F7B-4935-8D03-9C395158A6EA}.Debug|Any CPU.Build.0 = Debug|Any CPU
		{285B491C-1F7B-4935-8D03-9C395158A6EA}.Release|Any CPU.ActiveCfg = Release|Any CPU
		{285B491C-1F7B-4935-8D03-9C395158A6EA}.Release|Any CPU.Build.0 = Release|Any CPU
		{606D9234-BB50-4225-926C-5A53C5542EA7}.Debug|Any CPU.ActiveCfg = Debug|Any CPU
		{606D9234-BB50-4225-926C-5A53C5542EA7}.Debug|Any CPU.Build.0 = Debug|Any CPU
		{606D9234-BB50-4225-926C-5A53C5542EA7}.Release|Any CPU.ActiveCfg = Release|Any CPU
		{606D9234-BB50-4225-926C-5A53C5542EA7}.Release|Any CPU.Build.0 = Release|Any CPU
		{4F00C57D-0BAE-4965-B119-EA57906BF6AE}.Debug|Any CPU.ActiveCfg = Debug|Any CPU
		{4F00C57D-0BAE-4965-B119-EA57906BF6AE}.Debug|Any CPU.Build.0 = Debug|Any CPU
		{4F00C57D-0BAE-4965-B119-EA57906BF6AE}.Release|Any CPU.ActiveCfg = Release|Any CPU
		{4F00C57D-0BAE-4965-B119-EA57906BF6AE}.Release|Any CPU.Build.0 = Release|Any CPU
		{A2DD834B-AC79-43C1-A320-2678CDE65EC0}.Debug|Any CPU.ActiveCfg = Debug|Any CPU
		{A2DD834B-AC79-43C1-A320-2678CDE65EC0}.Debug|Any CPU.Build.0 = Debug|Any CPU
		{A2DD834B-AC79-43C1-A320-2678CDE65EC0}.Release|Any CPU.ActiveCfg = Release|Any CPU
		{A2DD834B-AC79-43C1-A320-2678CDE65EC0}.Release|Any CPU.Build.0 = Release|Any CPU
		{1F81D874-C5D3-4436-B4E5-52642CB1C868}.Debug|Any CPU.ActiveCfg = Debug|Any CPU
		{1F81D874-C5D3-4436-B4E5-52642CB1C868}.Debug|Any CPU.Build.0 = Debug|Any CPU
		{1F81D874-C5D3-4436-B4E5-52642CB1C868}.Release|Any CPU.ActiveCfg = Release|Any CPU
		{1F81D874-C5D3-4436-B4E5-52642CB1C868}.Release|Any CPU.Build.0 = Release|Any CPU
		{9DD329EC-06CB-4876-9CAB-B452843CE9CA}.Debug|Any CPU.ActiveCfg = Debug|Any CPU
		{9DD329EC-06CB-4876-9CAB-B452843CE9CA}.Debug|Any CPU.Build.0 = Debug|Any CPU
		{9DD329EC-06CB-4876-9CAB-B452843CE9CA}.Release|Any CPU.ActiveCfg = Release|Any CPU
		{9DD329EC-06CB-4876-9CAB-B452843CE9CA}.Release|Any CPU.Build.0 = Release|Any CPU
		{93F6544F-CDF1-4020-912A-6A7DB41D2E2D}.Debug|Any CPU.ActiveCfg = Debug|Any CPU
		{93F6544F-CDF1-4020-912A-6A7DB41D2E2D}.Debug|Any CPU.Build.0 = Debug|Any CPU
		{93F6544F-CDF1-4020-912A-6A7DB41D2E2D}.Release|Any CPU.ActiveCfg = Release|Any CPU
		{93F6544F-CDF1-4020-912A-6A7DB41D2E2D}.Release|Any CPU.Build.0 = Release|Any CPU
		{9B254ED4-C35C-47BD-BF78-DE360A7E40A9}.Debug|Any CPU.ActiveCfg = Debug|Any CPU
		{9B254ED4-C35C-47BD-BF78-DE360A7E40A9}.Debug|Any CPU.Build.0 = Debug|Any CPU
		{9B254ED4-C35C-47BD-BF78-DE360A7E40A9}.Release|Any CPU.ActiveCfg = Release|Any CPU
		{9B254ED4-C35C-47BD-BF78-DE360A7E40A9}.Release|Any CPU.Build.0 = Release|Any CPU
		{E6EDBD70-7683-4C66-A173-8782AE36BA75}.Debug|Any CPU.ActiveCfg = Debug|Any CPU
		{E6EDBD70-7683-4C66-A173-8782AE36BA75}.Debug|Any CPU.Build.0 = Debug|Any CPU
		{E6EDBD70-7683-4C66-A173-8782AE36BA75}.Release|Any CPU.ActiveCfg = Release|Any CPU
		{E6EDBD70-7683-4C66-A173-8782AE36BA75}.Release|Any CPU.Build.0 = Release|Any CPU
		{F8F7360E-B0F5-4944-8006-A54D8BA87AC6}.Debug|Any CPU.ActiveCfg = Debug|Any CPU
		{F8F7360E-B0F5-4944-8006-A54D8BA87AC6}.Debug|Any CPU.Build.0 = Debug|Any CPU
		{F8F7360E-B0F5-4944-8006-A54D8BA87AC6}.Release|Any CPU.ActiveCfg = Release|Any CPU
		{F8F7360E-B0F5-4944-8006-A54D8BA87AC6}.Release|Any CPU.Build.0 = Release|Any CPU
		{F7A45977-ABB3-4A01-943C-974558702083}.Debug|Any CPU.ActiveCfg = Debug|Any CPU
		{F7A45977-ABB3-4A01-943C-974558702083}.Debug|Any CPU.Build.0 = Debug|Any CPU
		{F7A45977-ABB3-4A01-943C-974558702083}.Release|Any CPU.ActiveCfg = Release|Any CPU
		{F7A45977-ABB3-4A01-943C-974558702083}.Release|Any CPU.Build.0 = Release|Any CPU
		{EC5E475B-D7D6-4B41-9CCD-C1F44C47233A}.Debug|Any CPU.ActiveCfg = Debug|Any CPU
		{EC5E475B-D7D6-4B41-9CCD-C1F44C47233A}.Debug|Any CPU.Build.0 = Debug|Any CPU
		{EC5E475B-D7D6-4B41-9CCD-C1F44C47233A}.Release|Any CPU.ActiveCfg = Release|Any CPU
		{EC5E475B-D7D6-4B41-9CCD-C1F44C47233A}.Release|Any CPU.Build.0 = Release|Any CPU
		{A9A18400-F1E4-4918-98A7-CC26405F18C5}.Debug|Any CPU.ActiveCfg = Debug|Any CPU
		{A9A18400-F1E4-4918-98A7-CC26405F18C5}.Debug|Any CPU.Build.0 = Debug|Any CPU
		{A9A18400-F1E4-4918-98A7-CC26405F18C5}.Release|Any CPU.ActiveCfg = Release|Any CPU
		{A9A18400-F1E4-4918-98A7-CC26405F18C5}.Release|Any CPU.Build.0 = Release|Any CPU
		{A6C33997-459D-499A-9021-DFEAAE8703DB}.Debug|Any CPU.ActiveCfg = Debug|Any CPU
		{A6C33997-459D-499A-9021-DFEAAE8703DB}.Debug|Any CPU.Build.0 = Debug|Any CPU
		{A6C33997-459D-499A-9021-DFEAAE8703DB}.Release|Any CPU.ActiveCfg = Release|Any CPU
		{A6C33997-459D-499A-9021-DFEAAE8703DB}.Release|Any CPU.Build.0 = Release|Any CPU
		{166A3D76-7C11-4BF0-A9C1-6DD12A55BE3A}.Debug|Any CPU.ActiveCfg = Debug|Any CPU
		{166A3D76-7C11-4BF0-A9C1-6DD12A55BE3A}.Debug|Any CPU.Build.0 = Debug|Any CPU
		{166A3D76-7C11-4BF0-A9C1-6DD12A55BE3A}.Release|Any CPU.ActiveCfg = Release|Any CPU
		{166A3D76-7C11-4BF0-A9C1-6DD12A55BE3A}.Release|Any CPU.Build.0 = Release|Any CPU
		{22E15C42-3779-45E1-AECE-407B5587F8F2}.Debug|Any CPU.ActiveCfg = Debug|Any CPU
		{22E15C42-3779-45E1-AECE-407B5587F8F2}.Debug|Any CPU.Build.0 = Debug|Any CPU
		{22E15C42-3779-45E1-AECE-407B5587F8F2}.Release|Any CPU.ActiveCfg = Release|Any CPU
		{22E15C42-3779-45E1-AECE-407B5587F8F2}.Release|Any CPU.Build.0 = Release|Any CPU
	EndGlobalSection
	GlobalSection(SolutionProperties) = preSolution
		HideSolutionNode = FALSE
	EndGlobalSection
	GlobalSection(NestedProjects) = preSolution
		{809E9AC5-ED46-4466-A43A-22C338732A48} = {1101E6C5-3AEB-4465-8485-F670CE020BE0}
		{285B491C-1F7B-4935-8D03-9C395158A6EA} = {809E9AC5-ED46-4466-A43A-22C338732A48}
		{606D9234-BB50-4225-926C-5A53C5542EA7} = {809E9AC5-ED46-4466-A43A-22C338732A48}
		{2BAA57DE-BC45-4E46-B2FD-D203827C49D5} = {1101E6C5-3AEB-4465-8485-F670CE020BE0}
		{4F00C57D-0BAE-4965-B119-EA57906BF6AE} = {2BAA57DE-BC45-4E46-B2FD-D203827C49D5}
		{A2DD834B-AC79-43C1-A320-2678CDE65EC0} = {2BAA57DE-BC45-4E46-B2FD-D203827C49D5}
		{9C7A38E9-15B5-4E3D-AADC-73A2AC93C3AF} = {1101E6C5-3AEB-4465-8485-F670CE020BE0}
		{1F81D874-C5D3-4436-B4E5-52642CB1C868} = {9C7A38E9-15B5-4E3D-AADC-73A2AC93C3AF}
		{9DD329EC-06CB-4876-9CAB-B452843CE9CA} = {9C7A38E9-15B5-4E3D-AADC-73A2AC93C3AF}
		{A6E96FE1-4A4F-420F-A5E9-06496991B88C} = {1101E6C5-3AEB-4465-8485-F670CE020BE0}
		{93F6544F-CDF1-4020-912A-6A7DB41D2E2D} = {A6E96FE1-4A4F-420F-A5E9-06496991B88C}
		{9B254ED4-C35C-47BD-BF78-DE360A7E40A9} = {A6E96FE1-4A4F-420F-A5E9-06496991B88C}
		{EF8C62C6-DA0C-4919-95CF-DC19C1753204} = {01A8E500-0A83-48C8-9055-138925EC2EDE}
		{E6EDBD70-7683-4C66-A173-8782AE36BA75} = {EF8C62C6-DA0C-4919-95CF-DC19C1753204}
		{F8F7360E-B0F5-4944-8006-A54D8BA87AC6} = {EF8C62C6-DA0C-4919-95CF-DC19C1753204}
		{B42E5D75-3431-4D3F-A5B4-D1F9C136C9C7} = {01A8E500-0A83-48C8-9055-138925EC2EDE}
		{F7A45977-ABB3-4A01-943C-974558702083} = {B42E5D75-3431-4D3F-A5B4-D1F9C136C9C7}
		{EC5E475B-D7D6-4B41-9CCD-C1F44C47233A} = {B42E5D75-3431-4D3F-A5B4-D1F9C136C9C7}
		{0B55340B-50D7-48A4-A827-DD235054B914} = {01A8E500-0A83-48C8-9055-138925EC2EDE}
		{A9A18400-F1E4-4918-98A7-CC26405F18C5} = {0B55340B-50D7-48A4-A827-DD235054B914}
		{A6C33997-459D-499A-9021-DFEAAE8703DB} = {0B55340B-50D7-48A4-A827-DD235054B914}
		{219C0D5D-B84D-4EF0-AD9A-CC2B26106505} = {01A8E500-0A83-48C8-9055-138925EC2EDE}
		{166A3D76-7C11-4BF0-A9C1-6DD12A55BE3A} = {219C0D5D-B84D-4EF0-AD9A-CC2B26106505}
		{22E15C42-3779-45E1-AECE-407B5587F8F2} = {219C0D5D-B84D-4EF0-AD9A-CC2B26106505}
	EndGlobalSection
	GlobalSection(ExtensibilityGlobals) = postSolution
		SolutionGuid = {B4555FD3-376B-4D00-B855-B54DDA1BEF81}
	EndGlobalSection
EndGlobal
