
Microsoft Visual Studio Solution File, Format Version 12.00
# Visual Studio Version 16
VisualStudioVersion = 16.0.31515.178
MinimumVisualStudioVersion = 10.0.40219.1
Project("{2150E333-8FDC-42A3-9474-1A3956D46DE8}") = "Ozon", "Ozon", "{01A8E500-0A83-48C8-9055-138925EC2EDE}"
EndProject
Project("{2150E333-8FDC-42A3-9474-1A3956D46DE8}") = "1_AmountToBePaid", "1_AmountToBePaid", "{EF8C62C6-DA0C-4919-95CF-DC19C1753204}"
EndProject
Project("{9A19103F-16F7-4668-BE54-9A1E7A4F7556}") = "AmountToBePaid", "src\Ozon\1_AmountToBePaid\AmountToBePaid\AmountToBePaid.csproj", "{E6EDBD70-7683-4C66-A173-8782AE36BA75}"
EndProject
Project("{9A19103F-16F7-4668-BE54-9A1E7A4F7556}") = "AmountToBePaidTests", "src\Ozon\1_AmountToBePaid\AmountToBePaidTests\AmountToBePaidTests.csproj", "{F8F7360E-B0F5-4944-8006-A54D8BA87AC6}"
EndProject
Project("{2150E333-8FDC-42A3-9474-1A3956D46DE8}") = "2_Spreadsheet", "2_Spreadsheet", "{B42E5D75-3431-4D3F-A5B4-D1F9C136C9C7}"
EndProject
Project("{9A19103F-16F7-4668-BE54-9A1E7A4F7556}") = "SpreadSheet", "src\Ozon\2_Spreadsheet\SpraidSheet\SpreadSheet.csproj", "{F7A45977-ABB3-4A01-943C-974558702083}"
EndProject
Project("{9A19103F-16F7-4668-BE54-9A1E7A4F7556}") = "SpreadSheetTests", "src\Ozon\2_Spreadsheet\SpreadSheetTests\SpreadSheetTests.csproj", "{EC5E475B-D7D6-4B41-9CCD-C1F44C47233A}"
EndProject
Project("{2150E333-8FDC-42A3-9474-1A3956D46DE8}") = "3_RegistrationSubsystem", "3_RegistrationSubsystem", "{0B55340B-50D7-48A4-A827-DD235054B914}"
EndProject
Project("{9A19103F-16F7-4668-BE54-9A1E7A4F7556}") = "RegistrationSubsystem", "src\Ozon\3_RegistrationSubsystem\RegistrationSubsystem\RegistrationSubsystem.csproj", "{A9A18400-F1E4-4918-98A7-CC26405F18C5}"
EndProject
Project("{9A19103F-16F7-4668-BE54-9A1E7A4F7556}") = "RegistrationSubsystemTests", "src\Ozon\3_RegistrationSubsystem\RegistrationSubsystemTests\RegistrationSubsystemTests.csproj", "{A6C33997-459D-499A-9021-DFEAAE8703DB}"
EndProject
Project("{2150E333-8FDC-42A3-9474-1A3956D46DE8}") = "4_AddressBook", "4_AddressBook", "{219C0D5D-B84D-4EF0-AD9A-CC2B26106505}"
EndProject
Project("{9A19103F-16F7-4668-BE54-9A1E7A4F7556}") = "AddressBook", "src\Ozon\4_AddressBook\AddressBook\AddressBook.csproj", "{166A3D76-7C11-4BF0-A9C1-6DD12A55BE3A}"
EndProject
Project("{9A19103F-16F7-4668-BE54-9A1E7A4F7556}") = "AddressBookTests", "src\Ozon\4_AddressBook\AddressBookTests\AddressBookTests.csproj", "{22E15C42-3779-45E1-AECE-407B5587F8F2}"
EndProject
Project("{2150E333-8FDC-42A3-9474-1A3956D46DE8}") = "5_TrainTicketSalesSystem", "5_TrainTicketSalesSystem", "{EE8EBC6F-AA61-4325-A37C-E4293A847684}"
EndProject
Project("{9A19103F-16F7-4668-BE54-9A1E7A4F7556}") = "TrainTicketSalesSystem", "src\Ozon\5_TrainTicketSalesSystem\TrainTicketSalesSystem\TrainTicketSalesSystem.csproj", "{E6BE57D4-2C6B-4829-A706-5CB9DCFEB941}"
EndProject
Project("{9A19103F-16F7-4668-BE54-9A1E7A4F7556}") = "TrainTicketSalesSystemTests", "src\Ozon\5_TrainTicketSalesSystem\TrainTicketSalesSystemTests\TrainTicketSalesSystemTests.csproj", "{6FE136A1-5653-4DED-8794-EB28780C98CD}"
EndProject
Project("{9A19103F-16F7-4668-BE54-9A1E7A4F7556}") = "AmountToBePaidConsole", "src\Ozon\1_AmountToBePaid\AmountToBePaidConsole\AmountToBePaidConsole.csproj", "{DFB1A3BD-24A1-4F4B-BE30-1F319A6E5243}"
EndProject
Project("{2150E333-8FDC-42A3-9474-1A3956D46DE8}") = "0_Test", "0_Test", "{2EE2C270-2B5A-4EC7-8617-B85A925891E1}"
EndProject
Project("{9A19103F-16F7-4668-BE54-9A1E7A4F7556}") = "Test", "src\Ozon\0_Test\Test\Test.csproj", "{B2A6676F-E3EE-4DAC-BE46-91F4F9B7B668}"
EndProject
Project("{9A19103F-16F7-4668-BE54-9A1E7A4F7556}") = "SpreadSheetConsole", "src\Ozon\2_Spreadsheet\SpreadSheetConsole\SpreadSheetConsole.csproj", "{99F6C124-2CF3-4662-9288-814CB806FE45}"
EndProject
Project("{9A19103F-16F7-4668-BE54-9A1E7A4F7556}") = "RegistrationSubsystemConsole", "src\Ozon\3_RegistrationSubsystem\RegistrationSubsystemConsole\RegistrationSubsystemConsole.csproj", "{8E95A054-129C-4316-A586-E52ACDF1CF2C}"
EndProject
Project("{9A19103F-16F7-4668-BE54-9A1E7A4F7556}") = "AddressBookConsole", "src\Ozon\4_AddressBook\AddressBookConsole\AddressBookConsole.csproj", "{929A6570-3070-4214-B42D-E5FAF3B2C34C}"
EndProject
Project("{9A19103F-16F7-4668-BE54-9A1E7A4F7556}") = "CSharpProblems", "src\CSharpProblems\CSharpProblems.csproj", "{3F8BEA69-5E19-4C5C-B551-F434231D9ABE}"
EndProject
Project("{2150E333-8FDC-42A3-9474-1A3956D46DE8}") = "Tests", "Tests", "{45C24CCD-F853-42E7-975B-F67E8003C864}"
EndProject
Project("{9A19103F-16F7-4668-BE54-9A1E7A4F7556}") = "CSharpProblemsTests", "src\Tests\CSharpProblemsTests\CSharpProblemsTests.csproj", "{7EB5E9CC-B715-45D2-9739-48C110F673F7}"
EndProject
Project("{2150E333-8FDC-42A3-9474-1A3956D46DE8}") = "SqlTasks", "SqlTasks", "{C9324E4D-F9BB-436E-AC26-8C3BED146F4E}"
EndProject
Project("{2150E333-8FDC-42A3-9474-1A3956D46DE8}") = "Easy", "Easy", "{A1D5661F-CE87-4D7D-A905-01ED1030E9BC}"
	ProjectSection(SolutionItems) = preProject
		Task1757_RecyclableAndLowFatProducts.sql = Task1757_RecyclableAndLowFatProducts.sql
		Task175_CombineTwoTables.sql = Task175_CombineTwoTables.sql
		Task183_CustomersWhoNeverOrder.sql = Task183_CustomersWhoNeverOrder.sql
		Task1873_CalculateSpecialBonus.sql = Task1873_CalculateSpecialBonus.sql
		Task196_DeleteDuplicateEmails.sql = Task196_DeleteDuplicateEmails.sql
		Task584_FindCustomerReferee.sql = Task584_FindCustomerReferee.sql
		Task595_BigCountries.sql = Task595_BigCountries.sql
		Task627_SwapSalary.sql = Task627_SwapSalary.sql
	EndProjectSection
EndProject
Global
	GlobalSection(SolutionConfigurationPlatforms) = preSolution
		Debug|Any CPU = Debug|Any CPU
		Release|Any CPU = Release|Any CPU
	EndGlobalSection
	GlobalSection(ProjectConfigurationPlatforms) = postSolution
		{E6EDBD70-7683-4C66-A173-8782AE36BA75}.Debug|Any CPU.ActiveCfg = Debug|Any CPU
		{E6EDBD70-7683-4C66-A173-8782AE36BA75}.Debug|Any CPU.Build.0 = Debug|Any CPU
		{E6EDBD70-7683-4C66-A173-8782AE36BA75}.Release|Any CPU.ActiveCfg = Release|Any CPU
		{E6EDBD70-7683-4C66-A173-8782AE36BA75}.Release|Any CPU.Build.0 = Release|Any CPU
		{F8F7360E-B0F5-4944-8006-A54D8BA87AC6}.Debug|Any CPU.ActiveCfg = Debug|Any CPU
		{F8F7360E-B0F5-4944-8006-A54D8BA87AC6}.Debug|Any CPU.Build.0 = Debug|Any CPU
		{F8F7360E-B0F5-4944-8006-A54D8BA87AC6}.Release|Any CPU.ActiveCfg = Release|Any CPU
		{F8F7360E-B0F5-4944-8006-A54D8BA87AC6}.Release|Any CPU.Build.0 = Release|Any CPU
		{F7A45977-ABB3-4A01-943C-974558702083}.Debug|Any CPU.ActiveCfg = Debug|Any CPU
		{F7A45977-ABB3-4A01-943C-974558702083}.Debug|Any CPU.Build.0 = Debug|Any CPU
		{F7A45977-ABB3-4A01-943C-974558702083}.Release|Any CPU.ActiveCfg = Release|Any CPU
		{F7A45977-ABB3-4A01-943C-974558702083}.Release|Any CPU.Build.0 = Release|Any CPU
		{EC5E475B-D7D6-4B41-9CCD-C1F44C47233A}.Debug|Any CPU.ActiveCfg = Debug|Any CPU
		{EC5E475B-D7D6-4B41-9CCD-C1F44C47233A}.Debug|Any CPU.Build.0 = Debug|Any CPU
		{EC5E475B-D7D6-4B41-9CCD-C1F44C47233A}.Release|Any CPU.ActiveCfg = Release|Any CPU
		{EC5E475B-D7D6-4B41-9CCD-C1F44C47233A}.Release|Any CPU.Build.0 = Release|Any CPU
		{A9A18400-F1E4-4918-98A7-CC26405F18C5}.Debug|Any CPU.ActiveCfg = Debug|Any CPU
		{A9A18400-F1E4-4918-98A7-CC26405F18C5}.Debug|Any CPU.Build.0 = Debug|Any CPU
		{A9A18400-F1E4-4918-98A7-CC26405F18C5}.Release|Any CPU.ActiveCfg = Release|Any CPU
		{A9A18400-F1E4-4918-98A7-CC26405F18C5}.Release|Any CPU.Build.0 = Release|Any CPU
		{A6C33997-459D-499A-9021-DFEAAE8703DB}.Debug|Any CPU.ActiveCfg = Debug|Any CPU
		{A6C33997-459D-499A-9021-DFEAAE8703DB}.Debug|Any CPU.Build.0 = Debug|Any CPU
		{A6C33997-459D-499A-9021-DFEAAE8703DB}.Release|Any CPU.ActiveCfg = Release|Any CPU
		{A6C33997-459D-499A-9021-DFEAAE8703DB}.Release|Any CPU.Build.0 = Release|Any CPU
		{166A3D76-7C11-4BF0-A9C1-6DD12A55BE3A}.Debug|Any CPU.ActiveCfg = Debug|Any CPU
		{166A3D76-7C11-4BF0-A9C1-6DD12A55BE3A}.Debug|Any CPU.Build.0 = Debug|Any CPU
		{166A3D76-7C11-4BF0-A9C1-6DD12A55BE3A}.Release|Any CPU.ActiveCfg = Release|Any CPU
		{166A3D76-7C11-4BF0-A9C1-6DD12A55BE3A}.Release|Any CPU.Build.0 = Release|Any CPU
		{22E15C42-3779-45E1-AECE-407B5587F8F2}.Debug|Any CPU.ActiveCfg = Debug|Any CPU
		{22E15C42-3779-45E1-AECE-407B5587F8F2}.Debug|Any CPU.Build.0 = Debug|Any CPU
		{22E15C42-3779-45E1-AECE-407B5587F8F2}.Release|Any CPU.ActiveCfg = Release|Any CPU
		{22E15C42-3779-45E1-AECE-407B5587F8F2}.Release|Any CPU.Build.0 = Release|Any CPU
		{E6BE57D4-2C6B-4829-A706-5CB9DCFEB941}.Debug|Any CPU.ActiveCfg = Debug|Any CPU
		{E6BE57D4-2C6B-4829-A706-5CB9DCFEB941}.Debug|Any CPU.Build.0 = Debug|Any CPU
		{E6BE57D4-2C6B-4829-A706-5CB9DCFEB941}.Release|Any CPU.ActiveCfg = Release|Any CPU
		{E6BE57D4-2C6B-4829-A706-5CB9DCFEB941}.Release|Any CPU.Build.0 = Release|Any CPU
		{6FE136A1-5653-4DED-8794-EB28780C98CD}.Debug|Any CPU.ActiveCfg = Debug|Any CPU
		{6FE136A1-5653-4DED-8794-EB28780C98CD}.Debug|Any CPU.Build.0 = Debug|Any CPU
		{6FE136A1-5653-4DED-8794-EB28780C98CD}.Release|Any CPU.ActiveCfg = Release|Any CPU
		{6FE136A1-5653-4DED-8794-EB28780C98CD}.Release|Any CPU.Build.0 = Release|Any CPU
		{DFB1A3BD-24A1-4F4B-BE30-1F319A6E5243}.Debug|Any CPU.ActiveCfg = Debug|Any CPU
		{DFB1A3BD-24A1-4F4B-BE30-1F319A6E5243}.Debug|Any CPU.Build.0 = Debug|Any CPU
		{DFB1A3BD-24A1-4F4B-BE30-1F319A6E5243}.Release|Any CPU.ActiveCfg = Release|Any CPU
		{DFB1A3BD-24A1-4F4B-BE30-1F319A6E5243}.Release|Any CPU.Build.0 = Release|Any CPU
		{B2A6676F-E3EE-4DAC-BE46-91F4F9B7B668}.Debug|Any CPU.ActiveCfg = Debug|Any CPU
		{B2A6676F-E3EE-4DAC-BE46-91F4F9B7B668}.Debug|Any CPU.Build.0 = Debug|Any CPU
		{B2A6676F-E3EE-4DAC-BE46-91F4F9B7B668}.Release|Any CPU.ActiveCfg = Release|Any CPU
		{B2A6676F-E3EE-4DAC-BE46-91F4F9B7B668}.Release|Any CPU.Build.0 = Release|Any CPU
		{99F6C124-2CF3-4662-9288-814CB806FE45}.Debug|Any CPU.ActiveCfg = Debug|Any CPU
		{99F6C124-2CF3-4662-9288-814CB806FE45}.Debug|Any CPU.Build.0 = Debug|Any CPU
		{99F6C124-2CF3-4662-9288-814CB806FE45}.Release|Any CPU.ActiveCfg = Release|Any CPU
		{99F6C124-2CF3-4662-9288-814CB806FE45}.Release|Any CPU.Build.0 = Release|Any CPU
		{8E95A054-129C-4316-A586-E52ACDF1CF2C}.Debug|Any CPU.ActiveCfg = Debug|Any CPU
		{8E95A054-129C-4316-A586-E52ACDF1CF2C}.Debug|Any CPU.Build.0 = Debug|Any CPU
		{8E95A054-129C-4316-A586-E52ACDF1CF2C}.Release|Any CPU.ActiveCfg = Release|Any CPU
		{8E95A054-129C-4316-A586-E52ACDF1CF2C}.Release|Any CPU.Build.0 = Release|Any CPU
		{929A6570-3070-4214-B42D-E5FAF3B2C34C}.Debug|Any CPU.ActiveCfg = Debug|Any CPU
		{929A6570-3070-4214-B42D-E5FAF3B2C34C}.Debug|Any CPU.Build.0 = Debug|Any CPU
		{929A6570-3070-4214-B42D-E5FAF3B2C34C}.Release|Any CPU.ActiveCfg = Release|Any CPU
		{929A6570-3070-4214-B42D-E5FAF3B2C34C}.Release|Any CPU.Build.0 = Release|Any CPU
		{3F8BEA69-5E19-4C5C-B551-F434231D9ABE}.Debug|Any CPU.ActiveCfg = Debug|Any CPU
		{3F8BEA69-5E19-4C5C-B551-F434231D9ABE}.Debug|Any CPU.Build.0 = Debug|Any CPU
		{3F8BEA69-5E19-4C5C-B551-F434231D9ABE}.Release|Any CPU.ActiveCfg = Release|Any CPU
		{3F8BEA69-5E19-4C5C-B551-F434231D9ABE}.Release|Any CPU.Build.0 = Release|Any CPU
		{7EB5E9CC-B715-45D2-9739-48C110F673F7}.Debug|Any CPU.ActiveCfg = Debug|Any CPU
		{7EB5E9CC-B715-45D2-9739-48C110F673F7}.Debug|Any CPU.Build.0 = Debug|Any CPU
		{7EB5E9CC-B715-45D2-9739-48C110F673F7}.Release|Any CPU.ActiveCfg = Release|Any CPU
		{7EB5E9CC-B715-45D2-9739-48C110F673F7}.Release|Any CPU.Build.0 = Release|Any CPU
	EndGlobalSection
	GlobalSection(SolutionProperties) = preSolution
		HideSolutionNode = FALSE
	EndGlobalSection
	GlobalSection(NestedProjects) = preSolution
		{EF8C62C6-DA0C-4919-95CF-DC19C1753204} = {01A8E500-0A83-48C8-9055-138925EC2EDE}
		{E6EDBD70-7683-4C66-A173-8782AE36BA75} = {EF8C62C6-DA0C-4919-95CF-DC19C1753204}
		{F8F7360E-B0F5-4944-8006-A54D8BA87AC6} = {EF8C62C6-DA0C-4919-95CF-DC19C1753204}
		{B42E5D75-3431-4D3F-A5B4-D1F9C136C9C7} = {01A8E500-0A83-48C8-9055-138925EC2EDE}
		{F7A45977-ABB3-4A01-943C-974558702083} = {B42E5D75-3431-4D3F-A5B4-D1F9C136C9C7}
		{EC5E475B-D7D6-4B41-9CCD-C1F44C47233A} = {B42E5D75-3431-4D3F-A5B4-D1F9C136C9C7}
		{0B55340B-50D7-48A4-A827-DD235054B914} = {01A8E500-0A83-48C8-9055-138925EC2EDE}
		{A9A18400-F1E4-4918-98A7-CC26405F18C5} = {0B55340B-50D7-48A4-A827-DD235054B914}
		{A6C33997-459D-499A-9021-DFEAAE8703DB} = {0B55340B-50D7-48A4-A827-DD235054B914}
		{219C0D5D-B84D-4EF0-AD9A-CC2B26106505} = {01A8E500-0A83-48C8-9055-138925EC2EDE}
		{166A3D76-7C11-4BF0-A9C1-6DD12A55BE3A} = {219C0D5D-B84D-4EF0-AD9A-CC2B26106505}
		{22E15C42-3779-45E1-AECE-407B5587F8F2} = {219C0D5D-B84D-4EF0-AD9A-CC2B26106505}
		{EE8EBC6F-AA61-4325-A37C-E4293A847684} = {01A8E500-0A83-48C8-9055-138925EC2EDE}
		{E6BE57D4-2C6B-4829-A706-5CB9DCFEB941} = {EE8EBC6F-AA61-4325-A37C-E4293A847684}
		{6FE136A1-5653-4DED-8794-EB28780C98CD} = {EE8EBC6F-AA61-4325-A37C-E4293A847684}
		{DFB1A3BD-24A1-4F4B-BE30-1F319A6E5243} = {EF8C62C6-DA0C-4919-95CF-DC19C1753204}
		{2EE2C270-2B5A-4EC7-8617-B85A925891E1} = {01A8E500-0A83-48C8-9055-138925EC2EDE}
		{B2A6676F-E3EE-4DAC-BE46-91F4F9B7B668} = {2EE2C270-2B5A-4EC7-8617-B85A925891E1}
		{99F6C124-2CF3-4662-9288-814CB806FE45} = {B42E5D75-3431-4D3F-A5B4-D1F9C136C9C7}
		{8E95A054-129C-4316-A586-E52ACDF1CF2C} = {0B55340B-50D7-48A4-A827-DD235054B914}
		{929A6570-3070-4214-B42D-E5FAF3B2C34C} = {219C0D5D-B84D-4EF0-AD9A-CC2B26106505}
		{7EB5E9CC-B715-45D2-9739-48C110F673F7} = {45C24CCD-F853-42E7-975B-F67E8003C864}
		{A1D5661F-CE87-4D7D-A905-01ED1030E9BC} = {C9324E4D-F9BB-436E-AC26-8C3BED146F4E}
	EndGlobalSection
	GlobalSection(ExtensibilityGlobals) = postSolution
		SolutionGuid = {B4555FD3-376B-4D00-B855-B54DDA1BEF81}
	EndGlobalSection
EndGlobal
