
Microsoft Visual Studio Solution File, Format Version 12.00
# Visual Studio Version 16
VisualStudioVersion = 16.0.31515.178
MinimumVisualStudioVersion = 10.0.40219.1
Project("{2150E333-8FDC-42A3-9474-1A3956D46DE8}") = "Easy", "Easy", "{1101E6C5-3AEB-4465-8485-F670CE020BE0}"
EndProject
Project("{2150E333-8FDC-42A3-9474-1A3956D46DE8}") = "1_TwoSum", "1_TwoSum", "{809E9AC5-ED46-4466-A43A-22C338732A48}"
EndProject
Project("{9A19103F-16F7-4668-BE54-9A1E7A4F7556}") = "TwoSum", "src\Easy\1_TwoSum\TwoSum\TwoSum.csproj", "{285B491C-1F7B-4935-8D03-9C395158A6EA}"
EndProject
Project("{9A19103F-16F7-4668-BE54-9A1E7A4F7556}") = "TwoSumTests", "src\Easy\1_TwoSum\TwoSumTests\TwoSumTests.csproj", "{606D9234-BB50-4225-926C-5A53C5542EA7}"
EndProject
Project("{2150E333-8FDC-42A3-9474-1A3956D46DE8}") = "9_PalindromeNumber", "9_PalindromeNumber", "{2BAA57DE-BC45-4E46-B2FD-D203827C49D5}"
EndProject
Project("{9A19103F-16F7-4668-BE54-9A1E7A4F7556}") = "PalindromeNumber", "src\Easy\9_PalindromeNumber\PalindromeNumber\PalindromeNumber.csproj", "{4F00C57D-0BAE-4965-B119-EA57906BF6AE}"
EndProject
Project("{9A19103F-16F7-4668-BE54-9A1E7A4F7556}") = "PalindromeNumberTests", "src\Easy\9_PalindromeNumber\PalindromeNumberTests\PalindromeNumberTests.csproj", "{A2DD834B-AC79-43C1-A320-2678CDE65EC0}"
EndProject
Project("{2150E333-8FDC-42A3-9474-1A3956D46DE8}") = "13_RomanToInteger", "13_RomanToInteger", "{9C7A38E9-15B5-4E3D-AADC-73A2AC93C3AF}"
EndProject
Project("{9A19103F-16F7-4668-BE54-9A1E7A4F7556}") = "RomanToInteger", "src\Easy\13_RomanToInteger\RomanToInteger\RomanToInteger.csproj", "{1F81D874-C5D3-4436-B4E5-52642CB1C868}"
EndProject
Project("{9A19103F-16F7-4668-BE54-9A1E7A4F7556}") = "RomanToIntegerTests", "src\Easy\13_RomanToInteger\RomanToIntegerTests\RomanToIntegerTests.csproj", "{9DD329EC-06CB-4876-9CAB-B452843CE9CA}"
EndProject
Global
	GlobalSection(SolutionConfigurationPlatforms) = preSolution
		Debug|Any CPU = Debug|Any CPU
		Release|Any CPU = Release|Any CPU
	EndGlobalSection
	GlobalSection(ProjectConfigurationPlatforms) = postSolution
		{285B491C-1F7B-4935-8D03-9C395158A6EA}.Debug|Any CPU.ActiveCfg = Debug|Any CPU
		{285B491C-1F7B-4935-8D03-9C395158A6EA}.Debug|Any CPU.Build.0 = Debug|Any CPU
		{285B491C-1F7B-4935-8D03-9C395158A6EA}.Release|Any CPU.ActiveCfg = Release|Any CPU
		{285B491C-1F7B-4935-8D03-9C395158A6EA}.Release|Any CPU.Build.0 = Release|Any CPU
		{606D9234-BB50-4225-926C-5A53C5542EA7}.Debug|Any CPU.ActiveCfg = Debug|Any CPU
		{606D9234-BB50-4225-926C-5A53C5542EA7}.Debug|Any CPU.Build.0 = Debug|Any CPU
		{606D9234-BB50-4225-926C-5A53C5542EA7}.Release|Any CPU.ActiveCfg = Release|Any CPU
		{606D9234-BB50-4225-926C-5A53C5542EA7}.Release|Any CPU.Build.0 = Release|Any CPU
		{4F00C57D-0BAE-4965-B119-EA57906BF6AE}.Debug|Any CPU.ActiveCfg = Debug|Any CPU
		{4F00C57D-0BAE-4965-B119-EA57906BF6AE}.Debug|Any CPU.Build.0 = Debug|Any CPU
		{4F00C57D-0BAE-4965-B119-EA57906BF6AE}.Release|Any CPU.ActiveCfg = Release|Any CPU
		{4F00C57D-0BAE-4965-B119-EA57906BF6AE}.Release|Any CPU.Build.0 = Release|Any CPU
		{A2DD834B-AC79-43C1-A320-2678CDE65EC0}.Debug|Any CPU.ActiveCfg = Debug|Any CPU
		{A2DD834B-AC79-43C1-A320-2678CDE65EC0}.Debug|Any CPU.Build.0 = Debug|Any CPU
		{A2DD834B-AC79-43C1-A320-2678CDE65EC0}.Release|Any CPU.ActiveCfg = Release|Any CPU
		{A2DD834B-AC79-43C1-A320-2678CDE65EC0}.Release|Any CPU.Build.0 = Release|Any CPU
		{1F81D874-C5D3-4436-B4E5-52642CB1C868}.Debug|Any CPU.ActiveCfg = Debug|Any CPU
		{1F81D874-C5D3-4436-B4E5-52642CB1C868}.Debug|Any CPU.Build.0 = Debug|Any CPU
		{1F81D874-C5D3-4436-B4E5-52642CB1C868}.Release|Any CPU.ActiveCfg = Release|Any CPU
		{1F81D874-C5D3-4436-B4E5-52642CB1C868}.Release|Any CPU.Build.0 = Release|Any CPU
		{9DD329EC-06CB-4876-9CAB-B452843CE9CA}.Debug|Any CPU.ActiveCfg = Debug|Any CPU
		{9DD329EC-06CB-4876-9CAB-B452843CE9CA}.Debug|Any CPU.Build.0 = Debug|Any CPU
		{9DD329EC-06CB-4876-9CAB-B452843CE9CA}.Release|Any CPU.ActiveCfg = Release|Any CPU
		{9DD329EC-06CB-4876-9CAB-B452843CE9CA}.Release|Any CPU.Build.0 = Release|Any CPU
	EndGlobalSection
	GlobalSection(SolutionProperties) = preSolution
		HideSolutionNode = FALSE
	EndGlobalSection
	GlobalSection(NestedProjects) = preSolution
		{809E9AC5-ED46-4466-A43A-22C338732A48} = {1101E6C5-3AEB-4465-8485-F670CE020BE0}
		{285B491C-1F7B-4935-8D03-9C395158A6EA} = {809E9AC5-ED46-4466-A43A-22C338732A48}
		{606D9234-BB50-4225-926C-5A53C5542EA7} = {809E9AC5-ED46-4466-A43A-22C338732A48}
		{2BAA57DE-BC45-4E46-B2FD-D203827C49D5} = {1101E6C5-3AEB-4465-8485-F670CE020BE0}
		{4F00C57D-0BAE-4965-B119-EA57906BF6AE} = {2BAA57DE-BC45-4E46-B2FD-D203827C49D5}
		{A2DD834B-AC79-43C1-A320-2678CDE65EC0} = {2BAA57DE-BC45-4E46-B2FD-D203827C49D5}
		{9C7A38E9-15B5-4E3D-AADC-73A2AC93C3AF} = {1101E6C5-3AEB-4465-8485-F670CE020BE0}
		{1F81D874-C5D3-4436-B4E5-52642CB1C868} = {9C7A38E9-15B5-4E3D-AADC-73A2AC93C3AF}
		{9DD329EC-06CB-4876-9CAB-B452843CE9CA} = {9C7A38E9-15B5-4E3D-AADC-73A2AC93C3AF}
	EndGlobalSection
	GlobalSection(ExtensibilityGlobals) = postSolution
		SolutionGuid = {B4555FD3-376B-4D00-B855-B54DDA1BEF81}
	EndGlobalSection
EndGlobal
